{
  "name": "FoodForYou-BackEnd",
  "lockfileVersion": 3,
  "requires": true,
  "packages": {
    "": {
      "dependencies": {
        "servlet": "^0.0.8"
      }
    },
    "node_modules/async": {
      "version": "0.1.22",
      "resolved": "https://registry.npmjs.org/async/-/async-0.1.22.tgz",
      "integrity": "sha512-2tEzliJmf5fHNafNwQLJXUasGzQCVctvsNkXmnlELHwypU0p08/rHohYvkqKIjyXpx+0rkrYv6QbhJ+UF4QkBg==",
      "engines": {
        "node": "*"
      }
    },
    "node_modules/bouncy": {
      "version": "3.2.2",
      "resolved": "https://registry.npmjs.org/bouncy/-/bouncy-3.2.2.tgz",
      "integrity": "sha512-a8jzO5DVJFHx16Iep1y9zcDj0iGCKMWbMCYxfOwt8mnGEy4aaPAEqeihdPWvTbomnmxUGXwonoB3aQWtvAZH7Q==",
      "license": "MIT",
      "dependencies": {
        "optimist": "~0.3.5",
        "through": "~2.3.4"
      },
      "bin": {
        "bouncy": "bin/bouncy.js"
      }
    },
    "node_modules/fs.notify": {
      "version": "0.0.4",
      "resolved": "https://registry.npmjs.org/fs.notify/-/fs.notify-0.0.4.tgz",
      "integrity": "sha512-xnulkRf31FQwC8NsU5DEYqMTeM3jZpYsTC2hHQcHlkXTubxQHDVWkau13U/oFmFXieCkai2oKTa1MhckXk2fRQ==",
      "license": "MIT",
      "dependencies": {
        "async": "~0.1.22",
        "retry": "~0.6.0"
      }
    },
    "node_modules/optimist": {
      "version": "0.3.7",
      "resolved": "https://registry.npmjs.org/optimist/-/optimist-0.3.7.tgz",
      "integrity": "sha512-TCx0dXQzVtSCg2OgY/bO9hjM9cV4XYx09TVK+s3+FhkjT6LovsLe+pPMzpWf+6yXK/hUizs2gUoTw3jHM0VaTQ==",
      "license": "MIT/X11",
      "dependencies": {
        "wordwrap": "~0.0.2"
      }
    },
    "node_modules/retry": {
      "version": "0.6.1",
      "resolved": "https://registry.npmjs.org/retry/-/retry-0.6.1.tgz",
      "integrity": "sha512-txv1qsctZq8ei9J/uCXgaKKFPjlBB0H2hvtnzw9rjKWFNUFtKh59WprXxpAeAey3/QeWwHdxMFqStPaOAgy+dA==",
      "engines": {
        "node": "*"
      }
    },
    "node_modules/servlet": {
      "version": "0.0.8",
      "resolved": "https://registry.npmjs.org/servlet/-/servlet-0.0.8.tgz",
      "integrity": "sha512-Kka2UV1FqkwqnS3cY8BGFAiUgBTIm17GjSaV9kqcpZBMxnDlVwf7eaQLN0vNI5QjOo6+H5HczcWaSiTz+zZMlw==",
      "license": "(ISC OR GPL-3.0)",
      "dependencies": {
        "bouncy": "3.x",
        "fs.notify": "0.0.x"
      },
      "bin": {
        "servlet": "bin/servlet.js"
      },
      "engines": {
        "node": ">= 0.6.0"
      }
    },
    "node_modules/through": {
      "version": "2.3.8",
      "resolved": "https://registry.npmjs.org/through/-/through-2.3.8.tgz",
      "integrity": "sha512-w89qg7PI8wAdvX60bMDP+bFoD5Dvhm9oLheFp5O4a2QF0cSBGsBX4qZmadPMvVqlLJBBci+WqGGOAPvcDeNSVg==",
      "license": "MIT"
    },
    "node_modules/wordwrap": {
      "version": "0.0.3",
      "resolved": "https://registry.npmjs.org/wordwrap/-/wordwrap-0.0.3.tgz",
      "integrity": "sha512-1tMA907+V4QmxV7dbRvb4/8MaRALK6q9Abid3ndMYnbyo8piisCmeONVqVSXqQA3KaP4SLt5b7ud6E2sqP8TFw==",
      "license": "MIT",
      "engines": {
        "node": ">=0.4.0"
      }
    }
  }
}
